
Microsoft Visual Studio Solution File, Format Version 12.00
# Visual Studio 15
VisualStudioVersion = 15.0.28307.168
MinimumVisualStudioVersion = 10.0.40219.1
Project("{FAE04EC0-301F-11D3-BF4B-00C04F79EFBC}") = "P01_HospitalDatabase", "P01_HospitalDatabase\P01_HospitalDatabase.csproj", "{F600F217-F8E4-4F28-97D0-2EF7A41DB30F}"
EndProject
Project("{FAE04EC0-301F-11D3-BF4B-00C04F79EFBC}") = "P01_HospitalDatabase.Data", "P01_HospitalDatabase.Data\P01_HospitalDatabase.Data.csproj", "{132D864B-163B-42CA-823D-0C7855C37601}"
EndProject
Project("{FAE04EC0-301F-11D3-BF4B-00C04F79EFBC}") = "P01_HospitalDatabase.Data.Models", "P01_HospitalDatabase.Data.Models\P01_HospitalDatabase.Data.Models.csproj", "{F6866088-1E88-4A61-912B-F6F6DEB3B088}"
EndProject
Global
	GlobalSection(SolutionConfigurationPlatforms) = preSolution
		Debug|Any CPU = Debug|Any CPU
		Release|Any CPU = Release|Any CPU
	EndGlobalSection
	GlobalSection(ProjectConfigurationPlatforms) = postSolution
		{F600F217-F8E4-4F28-97D0-2EF7A41DB30F}.Debug|Any CPU.ActiveCfg = Debug|Any CPU
		{F600F217-F8E4-4F28-97D0-2EF7A41DB30F}.Debug|Any CPU.Build.0 = Debug|Any CPU
		{F600F217-F8E4-4F28-97D0-2EF7A41DB30F}.Release|Any CPU.ActiveCfg = Release|Any CPU
		{F600F217-F8E4-4F28-97D0-2EF7A41DB30F}.Release|Any CPU.Build.0 = Release|Any CPU
		{132D864B-163B-42CA-823D-0C7855C37601}.Debug|Any CPU.ActiveCfg = Debug|Any CPU
		{132D864B-163B-42CA-823D-0C7855C37601}.Debug|Any CPU.Build.0 = Debug|Any CPU
		{132D864B-163B-42CA-823D-0C7855C37601}.Release|Any CPU.ActiveCfg = Release|Any CPU
		{132D864B-163B-42CA-823D-0C7855C37601}.Release|Any CPU.Build.0 = Release|Any CPU
		{F6866088-1E88-4A61-912B-F6F6DEB3B088}.Debug|Any CPU.ActiveCfg = Debug|Any CPU
		{F6866088-1E88-4A61-912B-F6F6DEB3B088}.Debug|Any CPU.Build.0 = Debug|Any CPU
		{F6866088-1E88-4A61-912B-F6F6DEB3B088}.Release|Any CPU.ActiveCfg = Release|Any CPU
		{F6866088-1E88-4A61-912B-F6F6DEB3B088}.Release|Any CPU.Build.0 = Release|Any CPU
	EndGlobalSection
	GlobalSection(SolutionProperties) = preSolution
		HideSolutionNode = FALSE
	EndGlobalSection
	GlobalSection(ExtensibilityGlobals) = postSolution
		SolutionGuid = {90F9D278-2821-43C3-8F3D-053648F165FD}
	EndGlobalSection
EndGlobal
