
Microsoft Visual Studio Solution File, Format Version 12.00
# Visual Studio 15
VisualStudioVersion = 15.0.28307.168
MinimumVisualStudioVersion = 10.0.40219.1
Project("{FAE04EC0-301F-11D3-BF4B-00C04F79EFBC}") = "SolidLogger", "SolidLogger\SolidLogger.csproj", "{775B7C1C-4E87-4535-B48F-D5069B1E774D}"
EndProject
Global
	GlobalSection(SolutionConfigurationPlatforms) = preSolution
		Debug|Any CPU = Debug|Any CPU
		Release|Any CPU = Release|Any CPU
	EndGlobalSection
	GlobalSection(ProjectConfigurationPlatforms) = postSolution
		{775B7C1C-4E87-4535-B48F-D5069B1E774D}.Debug|Any CPU.ActiveCfg = Debug|Any CPU
		{775B7C1C-4E87-4535-B48F-D5069B1E774D}.Debug|Any CPU.Build.0 = Debug|Any CPU
		{775B7C1C-4E87-4535-B48F-D5069B1E774D}.Release|Any CPU.ActiveCfg = Release|Any CPU
		{775B7C1C-4E87-4535-B48F-D5069B1E774D}.Release|Any CPU.Build.0 = Release|Any CPU
	EndGlobalSection
	GlobalSection(SolutionProperties) = preSolution
		HideSolutionNode = FALSE
	EndGlobalSection
	GlobalSection(ExtensibilityGlobals) = postSolution
		SolutionGuid = {C2D112BD-54E9-4F58-8D1D-3FEFEE2A8A51}
	EndGlobalSection
EndGlobal
