
Microsoft Visual Studio Solution File, Format Version 12.00
# Visual Studio 15
VisualStudioVersion = 15.0.28307.168
MinimumVisualStudioVersion = 10.0.40219.1
Project("{9A19103F-16F7-4668-BE54-9A1E7A4F7556}") = "ClassBox", "ClassBox\ClassBox.csproj", "{5A8865EC-E366-4D9B-A741-295C01F3A633}"
EndProject
Project("{9A19103F-16F7-4668-BE54-9A1E7A4F7556}") = "AnimalFarm", "AnimalFarm\AnimalFarm.csproj", "{1D6E4CBF-D069-4D10-9F2B-B36ECAB31055}"
EndProject
Project("{9A19103F-16F7-4668-BE54-9A1E7A4F7556}") = "ShoppingSpree", "ShoppingSpree\ShoppingSpree.csproj", "{651D551F-108A-48DC-8CBC-675D707877E8}"
EndProject
Project("{9A19103F-16F7-4668-BE54-9A1E7A4F7556}") = "PizzaCalories", "PizzaCalories\PizzaCalories.csproj", "{9B3F93B2-2207-41A6-9828-BC384E3573A2}"
EndProject
Project("{FAE04EC0-301F-11D3-BF4B-00C04F79EFBC}") = "FootballTeamGenerator", "FootballTeamGenerator\FootballTeamGenerator.csproj", "{181557DC-ED4A-456A-8536-975A0CC49E7B}"
EndProject
Global
	GlobalSection(SolutionConfigurationPlatforms) = preSolution
		Debug|Any CPU = Debug|Any CPU
		Release|Any CPU = Release|Any CPU
	EndGlobalSection
	GlobalSection(ProjectConfigurationPlatforms) = postSolution
		{5A8865EC-E366-4D9B-A741-295C01F3A633}.Debug|Any CPU.ActiveCfg = Debug|Any CPU
		{5A8865EC-E366-4D9B-A741-295C01F3A633}.Debug|Any CPU.Build.0 = Debug|Any CPU
		{5A8865EC-E366-4D9B-A741-295C01F3A633}.Release|Any CPU.ActiveCfg = Release|Any CPU
		{5A8865EC-E366-4D9B-A741-295C01F3A633}.Release|Any CPU.Build.0 = Release|Any CPU
		{1D6E4CBF-D069-4D10-9F2B-B36ECAB31055}.Debug|Any CPU.ActiveCfg = Debug|Any CPU
		{1D6E4CBF-D069-4D10-9F2B-B36ECAB31055}.Debug|Any CPU.Build.0 = Debug|Any CPU
		{1D6E4CBF-D069-4D10-9F2B-B36ECAB31055}.Release|Any CPU.ActiveCfg = Release|Any CPU
		{1D6E4CBF-D069-4D10-9F2B-B36ECAB31055}.Release|Any CPU.Build.0 = Release|Any CPU
		{651D551F-108A-48DC-8CBC-675D707877E8}.Debug|Any CPU.ActiveCfg = Debug|Any CPU
		{651D551F-108A-48DC-8CBC-675D707877E8}.Debug|Any CPU.Build.0 = Debug|Any CPU
		{651D551F-108A-48DC-8CBC-675D707877E8}.Release|Any CPU.ActiveCfg = Release|Any CPU
		{651D551F-108A-48DC-8CBC-675D707877E8}.Release|Any CPU.Build.0 = Release|Any CPU
		{9B3F93B2-2207-41A6-9828-BC384E3573A2}.Debug|Any CPU.ActiveCfg = Debug|Any CPU
		{9B3F93B2-2207-41A6-9828-BC384E3573A2}.Debug|Any CPU.Build.0 = Debug|Any CPU
		{9B3F93B2-2207-41A6-9828-BC384E3573A2}.Release|Any CPU.ActiveCfg = Release|Any CPU
		{9B3F93B2-2207-41A6-9828-BC384E3573A2}.Release|Any CPU.Build.0 = Release|Any CPU
		{181557DC-ED4A-456A-8536-975A0CC49E7B}.Debug|Any CPU.ActiveCfg = Debug|Any CPU
		{181557DC-ED4A-456A-8536-975A0CC49E7B}.Debug|Any CPU.Build.0 = Debug|Any CPU
		{181557DC-ED4A-456A-8536-975A0CC49E7B}.Release|Any CPU.ActiveCfg = Release|Any CPU
		{181557DC-ED4A-456A-8536-975A0CC49E7B}.Release|Any CPU.Build.0 = Release|Any CPU
	EndGlobalSection
	GlobalSection(SolutionProperties) = preSolution
		HideSolutionNode = FALSE
	EndGlobalSection
	GlobalSection(ExtensibilityGlobals) = postSolution
		SolutionGuid = {5D75BAA2-84EA-4FC6-ABF1-C2352A9AC61E}
	EndGlobalSection
EndGlobal
