
Microsoft Visual Studio Solution File, Format Version 12.00
# Visual Studio 15
VisualStudioVersion = 15.0.28307.168
MinimumVisualStudioVersion = 10.0.40219.1
Project("{FAE04EC0-301F-11D3-BF4B-00C04F79EFBC}") = "Stealer", "Stealer\Stealer.csproj", "{9ED91867-E874-4A07-BE47-3C0DF2CB561B}"
EndProject
Project("{FAE04EC0-301F-11D3-BF4B-00C04F79EFBC}") = "Info", "Info\Info.csproj", "{F9E5BE20-0D3A-4455-BB64-DB2905A1A952}"
EndProject
Global
	GlobalSection(SolutionConfigurationPlatforms) = preSolution
		Debug|Any CPU = Debug|Any CPU
		Release|Any CPU = Release|Any CPU
	EndGlobalSection
	GlobalSection(ProjectConfigurationPlatforms) = postSolution
		{9ED91867-E874-4A07-BE47-3C0DF2CB561B}.Debug|Any CPU.ActiveCfg = Debug|Any CPU
		{9ED91867-E874-4A07-BE47-3C0DF2CB561B}.Debug|Any CPU.Build.0 = Debug|Any CPU
		{9ED91867-E874-4A07-BE47-3C0DF2CB561B}.Release|Any CPU.ActiveCfg = Release|Any CPU
		{9ED91867-E874-4A07-BE47-3C0DF2CB561B}.Release|Any CPU.Build.0 = Release|Any CPU
		{F9E5BE20-0D3A-4455-BB64-DB2905A1A952}.Debug|Any CPU.ActiveCfg = Debug|Any CPU
		{F9E5BE20-0D3A-4455-BB64-DB2905A1A952}.Debug|Any CPU.Build.0 = Debug|Any CPU
		{F9E5BE20-0D3A-4455-BB64-DB2905A1A952}.Release|Any CPU.ActiveCfg = Release|Any CPU
		{F9E5BE20-0D3A-4455-BB64-DB2905A1A952}.Release|Any CPU.Build.0 = Release|Any CPU
	EndGlobalSection
	GlobalSection(SolutionProperties) = preSolution
		HideSolutionNode = FALSE
	EndGlobalSection
	GlobalSection(ExtensibilityGlobals) = postSolution
		SolutionGuid = {64824952-F934-465D-8685-71F808540433}
	EndGlobalSection
EndGlobal
