
Microsoft Visual Studio Solution File, Format Version 12.00
# Visual Studio 15
VisualStudioVersion = 15.0.28307.168
MinimumVisualStudioVersion = 10.0.40219.1
Project("{FAE04EC0-301F-11D3-BF4B-00C04F79EFBC}") = "StorageMaster", "StorageMaster\StorageMaster.csproj", "{21AE7E4B-0307-4A96-AA6C-0AA68131E612}"
EndProject
Global
	GlobalSection(SolutionConfigurationPlatforms) = preSolution
		Debug|Any CPU = Debug|Any CPU
		Release|Any CPU = Release|Any CPU
	EndGlobalSection
	GlobalSection(ProjectConfigurationPlatforms) = postSolution
		{21AE7E4B-0307-4A96-AA6C-0AA68131E612}.Debug|Any CPU.ActiveCfg = Debug|Any CPU
		{21AE7E4B-0307-4A96-AA6C-0AA68131E612}.Debug|Any CPU.Build.0 = Debug|Any CPU
		{21AE7E4B-0307-4A96-AA6C-0AA68131E612}.Release|Any CPU.ActiveCfg = Release|Any CPU
		{21AE7E4B-0307-4A96-AA6C-0AA68131E612}.Release|Any CPU.Build.0 = Release|Any CPU
	EndGlobalSection
	GlobalSection(SolutionProperties) = preSolution
		HideSolutionNode = FALSE
	EndGlobalSection
	GlobalSection(ExtensibilityGlobals) = postSolution
		SolutionGuid = {DC63423C-966F-4B4E-AB5F-733E7B2CB2F1}
	EndGlobalSection
EndGlobal
