
Microsoft Visual Studio Solution File, Format Version 12.00
# Visual Studio 15
VisualStudioVersion = 15.0.26430.13
MinimumVisualStudioVersion = 10.0.40219.1
Project("{FAE04EC0-301F-11D3-BF4B-00C04F79EFBC}") = "01. Practice Integers", "01. Practice Integers\01. Practice Integers.csproj", "{0D45D344-0338-458B-9EF1-B3E15873BFBA}"
EndProject
Project("{FAE04EC0-301F-11D3-BF4B-00C04F79EFBC}") = "02. Practice Floating Points", "02. Practice Floating Points\02. Practice Floating Points.csproj", "{3F84BD30-E79F-47CC-BA07-17CAE9DA1FFB}"
EndProject
Project("{FAE04EC0-301F-11D3-BF4B-00C04F79EFBC}") = "03. Practice Chars And Strings", "03. Practice Chars And Strings\03. Practice Chars And Strings.csproj", "{A447A164-408B-4962-8DBD-55507F5082A2}"
EndProject
Project("{FAE04EC0-301F-11D3-BF4B-00C04F79EFBC}") = "04. Variable in Hex Format", "04. Variable in Hex Format\04. Variable in Hex Format.csproj", "{73745A5A-6D23-4162-87D9-495F14DF0848}"
EndProject
Project("{FAE04EC0-301F-11D3-BF4B-00C04F79EFBC}") = "05. Boolean Variable", "05. Boolean Variable\05. Boolean Variable.csproj", "{8DDF13F0-D22D-41C4-BE44-8F66432842DD}"
EndProject
Project("{FAE04EC0-301F-11D3-BF4B-00C04F79EFBC}") = "06. Strings And Objects", "06. Strings And Objects\06. Strings And Objects.csproj", "{BDD7D4B8-2F9F-425D-A838-20BBD258EC4D}"
EndProject
Project("{FAE04EC0-301F-11D3-BF4B-00C04F79EFBC}") = "07. Exchange Variable Values", "07. Exchange Variable Values\07. Exchange Variable Values.csproj", "{98D45A71-44D8-467F-8821-CD527A852791}"
EndProject
Project("{FAE04EC0-301F-11D3-BF4B-00C04F79EFBC}") = "08. Employee Data", "08. Employee Data\08. Employee Data.csproj", "{C0009C69-C873-47BA-B710-238AAAB6B80B}"
EndProject
Project("{FAE04EC0-301F-11D3-BF4B-00C04F79EFBC}") = "09. Reversed chars", "09. Reversed chars\09. Reversed chars.csproj", "{6CB5A953-1090-495D-9996-608611061A96}"
EndProject
Project("{FAE04EC0-301F-11D3-BF4B-00C04F79EFBC}") = "10. Centuries to Nanoseconds", "10. Centuries to Nanoseconds\10. Centuries to Nanoseconds.csproj", "{6C563F3E-25E0-4844-AEAD-39641FB63A53}"
EndProject
Project("{FAE04EC0-301F-11D3-BF4B-00C04F79EFBC}") = "11. Convert Speed Units", "11. Convert Speed Units\11. Convert Speed Units.csproj", "{FD2A0D87-75D5-432D-BD58-44DCEA826C1F}"
EndProject
Project("{FAE04EC0-301F-11D3-BF4B-00C04F79EFBC}") = "12. Rectangle Properties", "12. Rectangle Properties\12. Rectangle Properties.csproj", "{75679722-D702-4B18-935D-9931D36E44CA}"
EndProject
Project("{FAE04EC0-301F-11D3-BF4B-00C04F79EFBC}") = "13. Vowel or Digit", "13. Vowel or Digit\13. Vowel or Digit.csproj", "{33A7FCD3-4888-4D32-83AB-4659B1B44DC1}"
EndProject
Project("{FAE04EC0-301F-11D3-BF4B-00C04F79EFBC}") = "14. Integer to Hex and Binary", "14. Integer to Hex and Binary\14. Integer to Hex and Binary.csproj", "{794B30AD-01BE-4A2A-9BB3-6BD628417A65}"
EndProject
Project("{FAE04EC0-301F-11D3-BF4B-00C04F79EFBC}") = "15. Fast Prime Checker", "15. Fast Prime Checker\15. Fast Prime Checker.csproj", "{76FA68E2-A78D-4DF5-8475-5E59FBA7FD0D}"
EndProject
Project("{FAE04EC0-301F-11D3-BF4B-00C04F79EFBC}") = "16. Comparing floats", "16. Comparing floats\16. Comparing floats.csproj", "{0C1C3928-E5B5-4E87-9C07-9472B0EA4C5E}"
EndProject
Project("{FAE04EC0-301F-11D3-BF4B-00C04F79EFBC}") = "17. Print Part Of ASCII Table", "17. Print Part Of ASCII Table\17. Print Part Of ASCII Table.csproj", "{EE2D124B-BC7C-4E14-A9E2-D379783927A8}"
EndProject
Project("{FAE04EC0-301F-11D3-BF4B-00C04F79EFBC}") = "18. Different Integers Size", "18. Different Integers Size\18. Different Integers Size.csproj", "{BDF86B99-BE01-4F4F-8F56-ECF31BBBD3A2}"
EndProject
Project("{FAE04EC0-301F-11D3-BF4B-00C04F79EFBC}") = "19. Thea The Photographer", "19. Thea The Photographer\19. Thea The Photographer.csproj", "{468CFFFB-3AF1-4CE0-A5BD-86FC38621D75}"
EndProject
Global
	GlobalSection(SolutionConfigurationPlatforms) = preSolution
		Debug|Any CPU = Debug|Any CPU
		Debug|ARM = Debug|ARM
		Debug|x64 = Debug|x64
		Debug|x86 = Debug|x86
		Release|Any CPU = Release|Any CPU
		Release|ARM = Release|ARM
		Release|x64 = Release|x64
		Release|x86 = Release|x86
	EndGlobalSection
	GlobalSection(ProjectConfigurationPlatforms) = postSolution
		{0D45D344-0338-458B-9EF1-B3E15873BFBA}.Debug|Any CPU.ActiveCfg = Debug|Any CPU
		{0D45D344-0338-458B-9EF1-B3E15873BFBA}.Debug|Any CPU.Build.0 = Debug|Any CPU
		{0D45D344-0338-458B-9EF1-B3E15873BFBA}.Debug|ARM.ActiveCfg = Debug|Any CPU
		{0D45D344-0338-458B-9EF1-B3E15873BFBA}.Debug|ARM.Build.0 = Debug|Any CPU
		{0D45D344-0338-458B-9EF1-B3E15873BFBA}.Debug|x64.ActiveCfg = Debug|Any CPU
		{0D45D344-0338-458B-9EF1-B3E15873BFBA}.Debug|x64.Build.0 = Debug|Any CPU
		{0D45D344-0338-458B-9EF1-B3E15873BFBA}.Debug|x86.ActiveCfg = Debug|Any CPU
		{0D45D344-0338-458B-9EF1-B3E15873BFBA}.Debug|x86.Build.0 = Debug|Any CPU
		{0D45D344-0338-458B-9EF1-B3E15873BFBA}.Release|Any CPU.ActiveCfg = Release|Any CPU
		{0D45D344-0338-458B-9EF1-B3E15873BFBA}.Release|Any CPU.Build.0 = Release|Any CPU
		{0D45D344-0338-458B-9EF1-B3E15873BFBA}.Release|ARM.ActiveCfg = Release|Any CPU
		{0D45D344-0338-458B-9EF1-B3E15873BFBA}.Release|ARM.Build.0 = Release|Any CPU
		{0D45D344-0338-458B-9EF1-B3E15873BFBA}.Release|x64.ActiveCfg = Release|Any CPU
		{0D45D344-0338-458B-9EF1-B3E15873BFBA}.Release|x64.Build.0 = Release|Any CPU
		{0D45D344-0338-458B-9EF1-B3E15873BFBA}.Release|x86.ActiveCfg = Release|Any CPU
		{0D45D344-0338-458B-9EF1-B3E15873BFBA}.Release|x86.Build.0 = Release|Any CPU
		{3F84BD30-E79F-47CC-BA07-17CAE9DA1FFB}.Debug|Any CPU.ActiveCfg = Debug|Any CPU
		{3F84BD30-E79F-47CC-BA07-17CAE9DA1FFB}.Debug|Any CPU.Build.0 = Debug|Any CPU
		{3F84BD30-E79F-47CC-BA07-17CAE9DA1FFB}.Debug|ARM.ActiveCfg = Debug|Any CPU
		{3F84BD30-E79F-47CC-BA07-17CAE9DA1FFB}.Debug|ARM.Build.0 = Debug|Any CPU
		{3F84BD30-E79F-47CC-BA07-17CAE9DA1FFB}.Debug|x64.ActiveCfg = Debug|Any CPU
		{3F84BD30-E79F-47CC-BA07-17CAE9DA1FFB}.Debug|x64.Build.0 = Debug|Any CPU
		{3F84BD30-E79F-47CC-BA07-17CAE9DA1FFB}.Debug|x86.ActiveCfg = Debug|Any CPU
		{3F84BD30-E79F-47CC-BA07-17CAE9DA1FFB}.Debug|x86.Build.0 = Debug|Any CPU
		{3F84BD30-E79F-47CC-BA07-17CAE9DA1FFB}.Release|Any CPU.ActiveCfg = Release|Any CPU
		{3F84BD30-E79F-47CC-BA07-17CAE9DA1FFB}.Release|Any CPU.Build.0 = Release|Any CPU
		{3F84BD30-E79F-47CC-BA07-17CAE9DA1FFB}.Release|ARM.ActiveCfg = Release|Any CPU
		{3F84BD30-E79F-47CC-BA07-17CAE9DA1FFB}.Release|ARM.Build.0 = Release|Any CPU
		{3F84BD30-E79F-47CC-BA07-17CAE9DA1FFB}.Release|x64.ActiveCfg = Release|Any CPU
		{3F84BD30-E79F-47CC-BA07-17CAE9DA1FFB}.Release|x64.Build.0 = Release|Any CPU
		{3F84BD30-E79F-47CC-BA07-17CAE9DA1FFB}.Release|x86.ActiveCfg = Release|Any CPU
		{3F84BD30-E79F-47CC-BA07-17CAE9DA1FFB}.Release|x86.Build.0 = Release|Any CPU
		{A447A164-408B-4962-8DBD-55507F5082A2}.Debug|Any CPU.ActiveCfg = Debug|Any CPU
		{A447A164-408B-4962-8DBD-55507F5082A2}.Debug|Any CPU.Build.0 = Debug|Any CPU
		{A447A164-408B-4962-8DBD-55507F5082A2}.Debug|ARM.ActiveCfg = Debug|Any CPU
		{A447A164-408B-4962-8DBD-55507F5082A2}.Debug|ARM.Build.0 = Debug|Any CPU
		{A447A164-408B-4962-8DBD-55507F5082A2}.Debug|x64.ActiveCfg = Debug|Any CPU
		{A447A164-408B-4962-8DBD-55507F5082A2}.Debug|x64.Build.0 = Debug|Any CPU
		{A447A164-408B-4962-8DBD-55507F5082A2}.Debug|x86.ActiveCfg = Debug|Any CPU
		{A447A164-408B-4962-8DBD-55507F5082A2}.Debug|x86.Build.0 = Debug|Any CPU
		{A447A164-408B-4962-8DBD-55507F5082A2}.Release|Any CPU.ActiveCfg = Release|Any CPU
		{A447A164-408B-4962-8DBD-55507F5082A2}.Release|Any CPU.Build.0 = Release|Any CPU
		{A447A164-408B-4962-8DBD-55507F5082A2}.Release|ARM.ActiveCfg = Release|Any CPU
		{A447A164-408B-4962-8DBD-55507F5082A2}.Release|ARM.Build.0 = Release|Any CPU
		{A447A164-408B-4962-8DBD-55507F5082A2}.Release|x64.ActiveCfg = Release|Any CPU
		{A447A164-408B-4962-8DBD-55507F5082A2}.Release|x64.Build.0 = Release|Any CPU
		{A447A164-408B-4962-8DBD-55507F5082A2}.Release|x86.ActiveCfg = Release|Any CPU
		{A447A164-408B-4962-8DBD-55507F5082A2}.Release|x86.Build.0 = Release|Any CPU
		{73745A5A-6D23-4162-87D9-495F14DF0848}.Debug|Any CPU.ActiveCfg = Debug|Any CPU
		{73745A5A-6D23-4162-87D9-495F14DF0848}.Debug|Any CPU.Build.0 = Debug|Any CPU
		{73745A5A-6D23-4162-87D9-495F14DF0848}.Debug|ARM.ActiveCfg = Debug|Any CPU
		{73745A5A-6D23-4162-87D9-495F14DF0848}.Debug|ARM.Build.0 = Debug|Any CPU
		{73745A5A-6D23-4162-87D9-495F14DF0848}.Debug|x64.ActiveCfg = Debug|Any CPU
		{73745A5A-6D23-4162-87D9-495F14DF0848}.Debug|x64.Build.0 = Debug|Any CPU
		{73745A5A-6D23-4162-87D9-495F14DF0848}.Debug|x86.ActiveCfg = Debug|Any CPU
		{73745A5A-6D23-4162-87D9-495F14DF0848}.Debug|x86.Build.0 = Debug|Any CPU
		{73745A5A-6D23-4162-87D9-495F14DF0848}.Release|Any CPU.ActiveCfg = Release|Any CPU
		{73745A5A-6D23-4162-87D9-495F14DF0848}.Release|Any CPU.Build.0 = Release|Any CPU
		{73745A5A-6D23-4162-87D9-495F14DF0848}.Release|ARM.ActiveCfg = Release|Any CPU
		{73745A5A-6D23-4162-87D9-495F14DF0848}.Release|ARM.Build.0 = Release|Any CPU
		{73745A5A-6D23-4162-87D9-495F14DF0848}.Release|x64.ActiveCfg = Release|Any CPU
		{73745A5A-6D23-4162-87D9-495F14DF0848}.Release|x64.Build.0 = Release|Any CPU
		{73745A5A-6D23-4162-87D9-495F14DF0848}.Release|x86.ActiveCfg = Release|Any CPU
		{73745A5A-6D23-4162-87D9-495F14DF0848}.Release|x86.Build.0 = Release|Any CPU
		{8DDF13F0-D22D-41C4-BE44-8F66432842DD}.Debug|Any CPU.ActiveCfg = Debug|Any CPU
		{8DDF13F0-D22D-41C4-BE44-8F66432842DD}.Debug|Any CPU.Build.0 = Debug|Any CPU
		{8DDF13F0-D22D-41C4-BE44-8F66432842DD}.Debug|ARM.ActiveCfg = Debug|Any CPU
		{8DDF13F0-D22D-41C4-BE44-8F66432842DD}.Debug|ARM.Build.0 = Debug|Any CPU
		{8DDF13F0-D22D-41C4-BE44-8F66432842DD}.Debug|x64.ActiveCfg = Debug|Any CPU
		{8DDF13F0-D22D-41C4-BE44-8F66432842DD}.Debug|x64.Build.0 = Debug|Any CPU
		{8DDF13F0-D22D-41C4-BE44-8F66432842DD}.Debug|x86.ActiveCfg = Debug|Any CPU
		{8DDF13F0-D22D-41C4-BE44-8F66432842DD}.Debug|x86.Build.0 = Debug|Any CPU
		{8DDF13F0-D22D-41C4-BE44-8F66432842DD}.Release|Any CPU.ActiveCfg = Release|Any CPU
		{8DDF13F0-D22D-41C4-BE44-8F66432842DD}.Release|Any CPU.Build.0 = Release|Any CPU
		{8DDF13F0-D22D-41C4-BE44-8F66432842DD}.Release|ARM.ActiveCfg = Release|Any CPU
		{8DDF13F0-D22D-41C4-BE44-8F66432842DD}.Release|ARM.Build.0 = Release|Any CPU
		{8DDF13F0-D22D-41C4-BE44-8F66432842DD}.Release|x64.ActiveCfg = Release|Any CPU
		{8DDF13F0-D22D-41C4-BE44-8F66432842DD}.Release|x64.Build.0 = Release|Any CPU
		{8DDF13F0-D22D-41C4-BE44-8F66432842DD}.Release|x86.ActiveCfg = Release|Any CPU
		{8DDF13F0-D22D-41C4-BE44-8F66432842DD}.Release|x86.Build.0 = Release|Any CPU
		{BDD7D4B8-2F9F-425D-A838-20BBD258EC4D}.Debug|Any CPU.ActiveCfg = Debug|Any CPU
		{BDD7D4B8-2F9F-425D-A838-20BBD258EC4D}.Debug|Any CPU.Build.0 = Debug|Any CPU
		{BDD7D4B8-2F9F-425D-A838-20BBD258EC4D}.Debug|ARM.ActiveCfg = Debug|Any CPU
		{BDD7D4B8-2F9F-425D-A838-20BBD258EC4D}.Debug|ARM.Build.0 = Debug|Any CPU
		{BDD7D4B8-2F9F-425D-A838-20BBD258EC4D}.Debug|x64.ActiveCfg = Debug|Any CPU
		{BDD7D4B8-2F9F-425D-A838-20BBD258EC4D}.Debug|x64.Build.0 = Debug|Any CPU
		{BDD7D4B8-2F9F-425D-A838-20BBD258EC4D}.Debug|x86.ActiveCfg = Debug|Any CPU
		{BDD7D4B8-2F9F-425D-A838-20BBD258EC4D}.Debug|x86.Build.0 = Debug|Any CPU
		{BDD7D4B8-2F9F-425D-A838-20BBD258EC4D}.Release|Any CPU.ActiveCfg = Release|Any CPU
		{BDD7D4B8-2F9F-425D-A838-20BBD258EC4D}.Release|Any CPU.Build.0 = Release|Any CPU
		{BDD7D4B8-2F9F-425D-A838-20BBD258EC4D}.Release|ARM.ActiveCfg = Release|Any CPU
		{BDD7D4B8-2F9F-425D-A838-20BBD258EC4D}.Release|ARM.Build.0 = Release|Any CPU
		{BDD7D4B8-2F9F-425D-A838-20BBD258EC4D}.Release|x64.ActiveCfg = Release|Any CPU
		{BDD7D4B8-2F9F-425D-A838-20BBD258EC4D}.Release|x64.Build.0 = Release|Any CPU
		{BDD7D4B8-2F9F-425D-A838-20BBD258EC4D}.Release|x86.ActiveCfg = Release|Any CPU
		{BDD7D4B8-2F9F-425D-A838-20BBD258EC4D}.Release|x86.Build.0 = Release|Any CPU
		{98D45A71-44D8-467F-8821-CD527A852791}.Debug|Any CPU.ActiveCfg = Debug|Any CPU
		{98D45A71-44D8-467F-8821-CD527A852791}.Debug|Any CPU.Build.0 = Debug|Any CPU
		{98D45A71-44D8-467F-8821-CD527A852791}.Debug|ARM.ActiveCfg = Debug|Any CPU
		{98D45A71-44D8-467F-8821-CD527A852791}.Debug|ARM.Build.0 = Debug|Any CPU
		{98D45A71-44D8-467F-8821-CD527A852791}.Debug|x64.ActiveCfg = Debug|Any CPU
		{98D45A71-44D8-467F-8821-CD527A852791}.Debug|x64.Build.0 = Debug|Any CPU
		{98D45A71-44D8-467F-8821-CD527A852791}.Debug|x86.ActiveCfg = Debug|Any CPU
		{98D45A71-44D8-467F-8821-CD527A852791}.Debug|x86.Build.0 = Debug|Any CPU
		{98D45A71-44D8-467F-8821-CD527A852791}.Release|Any CPU.ActiveCfg = Release|Any CPU
		{98D45A71-44D8-467F-8821-CD527A852791}.Release|Any CPU.Build.0 = Release|Any CPU
		{98D45A71-44D8-467F-8821-CD527A852791}.Release|ARM.ActiveCfg = Release|Any CPU
		{98D45A71-44D8-467F-8821-CD527A852791}.Release|ARM.Build.0 = Release|Any CPU
		{98D45A71-44D8-467F-8821-CD527A852791}.Release|x64.ActiveCfg = Release|Any CPU
		{98D45A71-44D8-467F-8821-CD527A852791}.Release|x64.Build.0 = Release|Any CPU
		{98D45A71-44D8-467F-8821-CD527A852791}.Release|x86.ActiveCfg = Release|Any CPU
		{98D45A71-44D8-467F-8821-CD527A852791}.Release|x86.Build.0 = Release|Any CPU
		{C0009C69-C873-47BA-B710-238AAAB6B80B}.Debug|Any CPU.ActiveCfg = Debug|Any CPU
		{C0009C69-C873-47BA-B710-238AAAB6B80B}.Debug|Any CPU.Build.0 = Debug|Any CPU
		{C0009C69-C873-47BA-B710-238AAAB6B80B}.Debug|ARM.ActiveCfg = Debug|Any CPU
		{C0009C69-C873-47BA-B710-238AAAB6B80B}.Debug|ARM.Build.0 = Debug|Any CPU
		{C0009C69-C873-47BA-B710-238AAAB6B80B}.Debug|x64.ActiveCfg = Debug|Any CPU
		{C0009C69-C873-47BA-B710-238AAAB6B80B}.Debug|x64.Build.0 = Debug|Any CPU
		{C0009C69-C873-47BA-B710-238AAAB6B80B}.Debug|x86.ActiveCfg = Debug|Any CPU
		{C0009C69-C873-47BA-B710-238AAAB6B80B}.Debug|x86.Build.0 = Debug|Any CPU
		{C0009C69-C873-47BA-B710-238AAAB6B80B}.Release|Any CPU.ActiveCfg = Release|Any CPU
		{C0009C69-C873-47BA-B710-238AAAB6B80B}.Release|Any CPU.Build.0 = Release|Any CPU
		{C0009C69-C873-47BA-B710-238AAAB6B80B}.Release|ARM.ActiveCfg = Release|Any CPU
		{C0009C69-C873-47BA-B710-238AAAB6B80B}.Release|ARM.Build.0 = Release|Any CPU
		{C0009C69-C873-47BA-B710-238AAAB6B80B}.Release|x64.ActiveCfg = Release|Any CPU
		{C0009C69-C873-47BA-B710-238AAAB6B80B}.Release|x64.Build.0 = Release|Any CPU
		{C0009C69-C873-47BA-B710-238AAAB6B80B}.Release|x86.ActiveCfg = Release|Any CPU
		{C0009C69-C873-47BA-B710-238AAAB6B80B}.Release|x86.Build.0 = Release|Any CPU
		{6CB5A953-1090-495D-9996-608611061A96}.Debug|Any CPU.ActiveCfg = Debug|Any CPU
		{6CB5A953-1090-495D-9996-608611061A96}.Debug|Any CPU.Build.0 = Debug|Any CPU
		{6CB5A953-1090-495D-9996-608611061A96}.Debug|ARM.ActiveCfg = Debug|Any CPU
		{6CB5A953-1090-495D-9996-608611061A96}.Debug|ARM.Build.0 = Debug|Any CPU
		{6CB5A953-1090-495D-9996-608611061A96}.Debug|x64.ActiveCfg = Debug|Any CPU
		{6CB5A953-1090-495D-9996-608611061A96}.Debug|x64.Build.0 = Debug|Any CPU
		{6CB5A953-1090-495D-9996-608611061A96}.Debug|x86.ActiveCfg = Debug|Any CPU
		{6CB5A953-1090-495D-9996-608611061A96}.Debug|x86.Build.0 = Debug|Any CPU
		{6CB5A953-1090-495D-9996-608611061A96}.Release|Any CPU.ActiveCfg = Release|Any CPU
		{6CB5A953-1090-495D-9996-608611061A96}.Release|Any CPU.Build.0 = Release|Any CPU
		{6CB5A953-1090-495D-9996-608611061A96}.Release|ARM.ActiveCfg = Release|Any CPU
		{6CB5A953-1090-495D-9996-608611061A96}.Release|ARM.Build.0 = Release|Any CPU
		{6CB5A953-1090-495D-9996-608611061A96}.Release|x64.ActiveCfg = Release|Any CPU
		{6CB5A953-1090-495D-9996-608611061A96}.Release|x64.Build.0 = Release|Any CPU
		{6CB5A953-1090-495D-9996-608611061A96}.Release|x86.ActiveCfg = Release|Any CPU
		{6CB5A953-1090-495D-9996-608611061A96}.Release|x86.Build.0 = Release|Any CPU
		{6C563F3E-25E0-4844-AEAD-39641FB63A53}.Debug|Any CPU.ActiveCfg = Debug|Any CPU
		{6C563F3E-25E0-4844-AEAD-39641FB63A53}.Debug|Any CPU.Build.0 = Debug|Any CPU
		{6C563F3E-25E0-4844-AEAD-39641FB63A53}.Debug|ARM.ActiveCfg = Debug|Any CPU
		{6C563F3E-25E0-4844-AEAD-39641FB63A53}.Debug|ARM.Build.0 = Debug|Any CPU
		{6C563F3E-25E0-4844-AEAD-39641FB63A53}.Debug|x64.ActiveCfg = Debug|Any CPU
		{6C563F3E-25E0-4844-AEAD-39641FB63A53}.Debug|x64.Build.0 = Debug|Any CPU
		{6C563F3E-25E0-4844-AEAD-39641FB63A53}.Debug|x86.ActiveCfg = Debug|Any CPU
		{6C563F3E-25E0-4844-AEAD-39641FB63A53}.Debug|x86.Build.0 = Debug|Any CPU
		{6C563F3E-25E0-4844-AEAD-39641FB63A53}.Release|Any CPU.ActiveCfg = Release|Any CPU
		{6C563F3E-25E0-4844-AEAD-39641FB63A53}.Release|Any CPU.Build.0 = Release|Any CPU
		{6C563F3E-25E0-4844-AEAD-39641FB63A53}.Release|ARM.ActiveCfg = Release|Any CPU
		{6C563F3E-25E0-4844-AEAD-39641FB63A53}.Release|ARM.Build.0 = Release|Any CPU
		{6C563F3E-25E0-4844-AEAD-39641FB63A53}.Release|x64.ActiveCfg = Release|Any CPU
		{6C563F3E-25E0-4844-AEAD-39641FB63A53}.Release|x64.Build.0 = Release|Any CPU
		{6C563F3E-25E0-4844-AEAD-39641FB63A53}.Release|x86.ActiveCfg = Release|Any CPU
		{6C563F3E-25E0-4844-AEAD-39641FB63A53}.Release|x86.Build.0 = Release|Any CPU
		{FD2A0D87-75D5-432D-BD58-44DCEA826C1F}.Debug|Any CPU.ActiveCfg = Debug|Any CPU
		{FD2A0D87-75D5-432D-BD58-44DCEA826C1F}.Debug|Any CPU.Build.0 = Debug|Any CPU
		{FD2A0D87-75D5-432D-BD58-44DCEA826C1F}.Debug|ARM.ActiveCfg = Debug|Any CPU
		{FD2A0D87-75D5-432D-BD58-44DCEA826C1F}.Debug|ARM.Build.0 = Debug|Any CPU
		{FD2A0D87-75D5-432D-BD58-44DCEA826C1F}.Debug|x64.ActiveCfg = Debug|Any CPU
		{FD2A0D87-75D5-432D-BD58-44DCEA826C1F}.Debug|x64.Build.0 = Debug|Any CPU
		{FD2A0D87-75D5-432D-BD58-44DCEA826C1F}.Debug|x86.ActiveCfg = Debug|Any CPU
		{FD2A0D87-75D5-432D-BD58-44DCEA826C1F}.Debug|x86.Build.0 = Debug|Any CPU
		{FD2A0D87-75D5-432D-BD58-44DCEA826C1F}.Release|Any CPU.ActiveCfg = Release|Any CPU
		{FD2A0D87-75D5-432D-BD58-44DCEA826C1F}.Release|Any CPU.Build.0 = Release|Any CPU
		{FD2A0D87-75D5-432D-BD58-44DCEA826C1F}.Release|ARM.ActiveCfg = Release|Any CPU
		{FD2A0D87-75D5-432D-BD58-44DCEA826C1F}.Release|ARM.Build.0 = Release|Any CPU
		{FD2A0D87-75D5-432D-BD58-44DCEA826C1F}.Release|x64.ActiveCfg = Release|Any CPU
		{FD2A0D87-75D5-432D-BD58-44DCEA826C1F}.Release|x64.Build.0 = Release|Any CPU
		{FD2A0D87-75D5-432D-BD58-44DCEA826C1F}.Release|x86.ActiveCfg = Release|Any CPU
		{FD2A0D87-75D5-432D-BD58-44DCEA826C1F}.Release|x86.Build.0 = Release|Any CPU
		{75679722-D702-4B18-935D-9931D36E44CA}.Debug|Any CPU.ActiveCfg = Debug|Any CPU
		{75679722-D702-4B18-935D-9931D36E44CA}.Debug|Any CPU.Build.0 = Debug|Any CPU
		{75679722-D702-4B18-935D-9931D36E44CA}.Debug|ARM.ActiveCfg = Debug|Any CPU
		{75679722-D702-4B18-935D-9931D36E44CA}.Debug|ARM.Build.0 = Debug|Any CPU
		{75679722-D702-4B18-935D-9931D36E44CA}.Debug|x64.ActiveCfg = Debug|Any CPU
		{75679722-D702-4B18-935D-9931D36E44CA}.Debug|x64.Build.0 = Debug|Any CPU
		{75679722-D702-4B18-935D-9931D36E44CA}.Debug|x86.ActiveCfg = Debug|Any CPU
		{75679722-D702-4B18-935D-9931D36E44CA}.Debug|x86.Build.0 = Debug|Any CPU
		{75679722-D702-4B18-935D-9931D36E44CA}.Release|Any CPU.ActiveCfg = Release|Any CPU
		{75679722-D702-4B18-935D-9931D36E44CA}.Release|Any CPU.Build.0 = Release|Any CPU
		{75679722-D702-4B18-935D-9931D36E44CA}.Release|ARM.ActiveCfg = Release|Any CPU
		{75679722-D702-4B18-935D-9931D36E44CA}.Release|ARM.Build.0 = Release|Any CPU
		{75679722-D702-4B18-935D-9931D36E44CA}.Release|x64.ActiveCfg = Release|Any CPU
		{75679722-D702-4B18-935D-9931D36E44CA}.Release|x64.Build.0 = Release|Any CPU
		{75679722-D702-4B18-935D-9931D36E44CA}.Release|x86.ActiveCfg = Release|Any CPU
		{75679722-D702-4B18-935D-9931D36E44CA}.Release|x86.Build.0 = Release|Any CPU
		{33A7FCD3-4888-4D32-83AB-4659B1B44DC1}.Debug|Any CPU.ActiveCfg = Debug|Any CPU
		{33A7FCD3-4888-4D32-83AB-4659B1B44DC1}.Debug|Any CPU.Build.0 = Debug|Any CPU
		{33A7FCD3-4888-4D32-83AB-4659B1B44DC1}.Debug|ARM.ActiveCfg = Debug|Any CPU
		{33A7FCD3-4888-4D32-83AB-4659B1B44DC1}.Debug|ARM.Build.0 = Debug|Any CPU
		{33A7FCD3-4888-4D32-83AB-4659B1B44DC1}.Debug|x64.ActiveCfg = Debug|Any CPU
		{33A7FCD3-4888-4D32-83AB-4659B1B44DC1}.Debug|x64.Build.0 = Debug|Any CPU
		{33A7FCD3-4888-4D32-83AB-4659B1B44DC1}.Debug|x86.ActiveCfg = Debug|Any CPU
		{33A7FCD3-4888-4D32-83AB-4659B1B44DC1}.Debug|x86.Build.0 = Debug|Any CPU
		{33A7FCD3-4888-4D32-83AB-4659B1B44DC1}.Release|Any CPU.ActiveCfg = Release|Any CPU
		{33A7FCD3-4888-4D32-83AB-4659B1B44DC1}.Release|Any CPU.Build.0 = Release|Any CPU
		{33A7FCD3-4888-4D32-83AB-4659B1B44DC1}.Release|ARM.ActiveCfg = Release|Any CPU
		{33A7FCD3-4888-4D32-83AB-4659B1B44DC1}.Release|ARM.Build.0 = Release|Any CPU
		{33A7FCD3-4888-4D32-83AB-4659B1B44DC1}.Release|x64.ActiveCfg = Release|Any CPU
		{33A7FCD3-4888-4D32-83AB-4659B1B44DC1}.Release|x64.Build.0 = Release|Any CPU
		{33A7FCD3-4888-4D32-83AB-4659B1B44DC1}.Release|x86.ActiveCfg = Release|Any CPU
		{33A7FCD3-4888-4D32-83AB-4659B1B44DC1}.Release|x86.Build.0 = Release|Any CPU
		{794B30AD-01BE-4A2A-9BB3-6BD628417A65}.Debug|Any CPU.ActiveCfg = Debug|Any CPU
		{794B30AD-01BE-4A2A-9BB3-6BD628417A65}.Debug|Any CPU.Build.0 = Debug|Any CPU
		{794B30AD-01BE-4A2A-9BB3-6BD628417A65}.Debug|ARM.ActiveCfg = Debug|Any CPU
		{794B30AD-01BE-4A2A-9BB3-6BD628417A65}.Debug|ARM.Build.0 = Debug|Any CPU
		{794B30AD-01BE-4A2A-9BB3-6BD628417A65}.Debug|x64.ActiveCfg = Debug|Any CPU
		{794B30AD-01BE-4A2A-9BB3-6BD628417A65}.Debug|x64.Build.0 = Debug|Any CPU
		{794B30AD-01BE-4A2A-9BB3-6BD628417A65}.Debug|x86.ActiveCfg = Debug|Any CPU
		{794B30AD-01BE-4A2A-9BB3-6BD628417A65}.Debug|x86.Build.0 = Debug|Any CPU
		{794B30AD-01BE-4A2A-9BB3-6BD628417A65}.Release|Any CPU.ActiveCfg = Release|Any CPU
		{794B30AD-01BE-4A2A-9BB3-6BD628417A65}.Release|Any CPU.Build.0 = Release|Any CPU
		{794B30AD-01BE-4A2A-9BB3-6BD628417A65}.Release|ARM.ActiveCfg = Release|Any CPU
		{794B30AD-01BE-4A2A-9BB3-6BD628417A65}.Release|ARM.Build.0 = Release|Any CPU
		{794B30AD-01BE-4A2A-9BB3-6BD628417A65}.Release|x64.ActiveCfg = Release|Any CPU
		{794B30AD-01BE-4A2A-9BB3-6BD628417A65}.Release|x64.Build.0 = Release|Any CPU
		{794B30AD-01BE-4A2A-9BB3-6BD628417A65}.Release|x86.ActiveCfg = Release|Any CPU
		{794B30AD-01BE-4A2A-9BB3-6BD628417A65}.Release|x86.Build.0 = Release|Any CPU
		{76FA68E2-A78D-4DF5-8475-5E59FBA7FD0D}.Debug|Any CPU.ActiveCfg = Debug|Any CPU
		{76FA68E2-A78D-4DF5-8475-5E59FBA7FD0D}.Debug|Any CPU.Build.0 = Debug|Any CPU
		{76FA68E2-A78D-4DF5-8475-5E59FBA7FD0D}.Debug|ARM.ActiveCfg = Debug|Any CPU
		{76FA68E2-A78D-4DF5-8475-5E59FBA7FD0D}.Debug|ARM.Build.0 = Debug|Any CPU
		{76FA68E2-A78D-4DF5-8475-5E59FBA7FD0D}.Debug|x64.ActiveCfg = Debug|Any CPU
		{76FA68E2-A78D-4DF5-8475-5E59FBA7FD0D}.Debug|x64.Build.0 = Debug|Any CPU
		{76FA68E2-A78D-4DF5-8475-5E59FBA7FD0D}.Debug|x86.ActiveCfg = Debug|Any CPU
		{76FA68E2-A78D-4DF5-8475-5E59FBA7FD0D}.Debug|x86.Build.0 = Debug|Any CPU
		{76FA68E2-A78D-4DF5-8475-5E59FBA7FD0D}.Release|Any CPU.ActiveCfg = Release|Any CPU
		{76FA68E2-A78D-4DF5-8475-5E59FBA7FD0D}.Release|Any CPU.Build.0 = Release|Any CPU
		{76FA68E2-A78D-4DF5-8475-5E59FBA7FD0D}.Release|ARM.ActiveCfg = Release|Any CPU
		{76FA68E2-A78D-4DF5-8475-5E59FBA7FD0D}.Release|ARM.Build.0 = Release|Any CPU
		{76FA68E2-A78D-4DF5-8475-5E59FBA7FD0D}.Release|x64.ActiveCfg = Release|Any CPU
		{76FA68E2-A78D-4DF5-8475-5E59FBA7FD0D}.Release|x64.Build.0 = Release|Any CPU
		{76FA68E2-A78D-4DF5-8475-5E59FBA7FD0D}.Release|x86.ActiveCfg = Release|Any CPU
		{76FA68E2-A78D-4DF5-8475-5E59FBA7FD0D}.Release|x86.Build.0 = Release|Any CPU
		{0C1C3928-E5B5-4E87-9C07-9472B0EA4C5E}.Debug|Any CPU.ActiveCfg = Debug|Any CPU
		{0C1C3928-E5B5-4E87-9C07-9472B0EA4C5E}.Debug|Any CPU.Build.0 = Debug|Any CPU
		{0C1C3928-E5B5-4E87-9C07-9472B0EA4C5E}.Debug|ARM.ActiveCfg = Debug|Any CPU
		{0C1C3928-E5B5-4E87-9C07-9472B0EA4C5E}.Debug|ARM.Build.0 = Debug|Any CPU
		{0C1C3928-E5B5-4E87-9C07-9472B0EA4C5E}.Debug|x64.ActiveCfg = Debug|Any CPU
		{0C1C3928-E5B5-4E87-9C07-9472B0EA4C5E}.Debug|x64.Build.0 = Debug|Any CPU
		{0C1C3928-E5B5-4E87-9C07-9472B0EA4C5E}.Debug|x86.ActiveCfg = Debug|Any CPU
		{0C1C3928-E5B5-4E87-9C07-9472B0EA4C5E}.Debug|x86.Build.0 = Debug|Any CPU
		{0C1C3928-E5B5-4E87-9C07-9472B0EA4C5E}.Release|Any CPU.ActiveCfg = Release|Any CPU
		{0C1C3928-E5B5-4E87-9C07-9472B0EA4C5E}.Release|Any CPU.Build.0 = Release|Any CPU
		{0C1C3928-E5B5-4E87-9C07-9472B0EA4C5E}.Release|ARM.ActiveCfg = Release|Any CPU
		{0C1C3928-E5B5-4E87-9C07-9472B0EA4C5E}.Release|ARM.Build.0 = Release|Any CPU
		{0C1C3928-E5B5-4E87-9C07-9472B0EA4C5E}.Release|x64.ActiveCfg = Release|Any CPU
		{0C1C3928-E5B5-4E87-9C07-9472B0EA4C5E}.Release|x64.Build.0 = Release|Any CPU
		{0C1C3928-E5B5-4E87-9C07-9472B0EA4C5E}.Release|x86.ActiveCfg = Release|Any CPU
		{0C1C3928-E5B5-4E87-9C07-9472B0EA4C5E}.Release|x86.Build.0 = Release|Any CPU
		{EE2D124B-BC7C-4E14-A9E2-D379783927A8}.Debug|Any CPU.ActiveCfg = Debug|Any CPU
		{EE2D124B-BC7C-4E14-A9E2-D379783927A8}.Debug|Any CPU.Build.0 = Debug|Any CPU
		{EE2D124B-BC7C-4E14-A9E2-D379783927A8}.Debug|ARM.ActiveCfg = Debug|Any CPU
		{EE2D124B-BC7C-4E14-A9E2-D379783927A8}.Debug|ARM.Build.0 = Debug|Any CPU
		{EE2D124B-BC7C-4E14-A9E2-D379783927A8}.Debug|x64.ActiveCfg = Debug|Any CPU
		{EE2D124B-BC7C-4E14-A9E2-D379783927A8}.Debug|x64.Build.0 = Debug|Any CPU
		{EE2D124B-BC7C-4E14-A9E2-D379783927A8}.Debug|x86.ActiveCfg = Debug|Any CPU
		{EE2D124B-BC7C-4E14-A9E2-D379783927A8}.Debug|x86.Build.0 = Debug|Any CPU
		{EE2D124B-BC7C-4E14-A9E2-D379783927A8}.Release|Any CPU.ActiveCfg = Release|Any CPU
		{EE2D124B-BC7C-4E14-A9E2-D379783927A8}.Release|Any CPU.Build.0 = Release|Any CPU
		{EE2D124B-BC7C-4E14-A9E2-D379783927A8}.Release|ARM.ActiveCfg = Release|Any CPU
		{EE2D124B-BC7C-4E14-A9E2-D379783927A8}.Release|ARM.Build.0 = Release|Any CPU
		{EE2D124B-BC7C-4E14-A9E2-D379783927A8}.Release|x64.ActiveCfg = Release|Any CPU
		{EE2D124B-BC7C-4E14-A9E2-D379783927A8}.Release|x64.Build.0 = Release|Any CPU
		{EE2D124B-BC7C-4E14-A9E2-D379783927A8}.Release|x86.ActiveCfg = Release|Any CPU
		{EE2D124B-BC7C-4E14-A9E2-D379783927A8}.Release|x86.Build.0 = Release|Any CPU
		{BDF86B99-BE01-4F4F-8F56-ECF31BBBD3A2}.Debug|Any CPU.ActiveCfg = Debug|Any CPU
		{BDF86B99-BE01-4F4F-8F56-ECF31BBBD3A2}.Debug|Any CPU.Build.0 = Debug|Any CPU
		{BDF86B99-BE01-4F4F-8F56-ECF31BBBD3A2}.Debug|ARM.ActiveCfg = Debug|Any CPU
		{BDF86B99-BE01-4F4F-8F56-ECF31BBBD3A2}.Debug|ARM.Build.0 = Debug|Any CPU
		{BDF86B99-BE01-4F4F-8F56-ECF31BBBD3A2}.Debug|x64.ActiveCfg = Debug|Any CPU
		{BDF86B99-BE01-4F4F-8F56-ECF31BBBD3A2}.Debug|x64.Build.0 = Debug|Any CPU
		{BDF86B99-BE01-4F4F-8F56-ECF31BBBD3A2}.Debug|x86.ActiveCfg = Debug|Any CPU
		{BDF86B99-BE01-4F4F-8F56-ECF31BBBD3A2}.Debug|x86.Build.0 = Debug|Any CPU
		{BDF86B99-BE01-4F4F-8F56-ECF31BBBD3A2}.Release|Any CPU.ActiveCfg = Release|Any CPU
		{BDF86B99-BE01-4F4F-8F56-ECF31BBBD3A2}.Release|Any CPU.Build.0 = Release|Any CPU
		{BDF86B99-BE01-4F4F-8F56-ECF31BBBD3A2}.Release|ARM.ActiveCfg = Release|Any CPU
		{BDF86B99-BE01-4F4F-8F56-ECF31BBBD3A2}.Release|ARM.Build.0 = Release|Any CPU
		{BDF86B99-BE01-4F4F-8F56-ECF31BBBD3A2}.Release|x64.ActiveCfg = Release|Any CPU
		{BDF86B99-BE01-4F4F-8F56-ECF31BBBD3A2}.Release|x64.Build.0 = Release|Any CPU
		{BDF86B99-BE01-4F4F-8F56-ECF31BBBD3A2}.Release|x86.ActiveCfg = Release|Any CPU
		{BDF86B99-BE01-4F4F-8F56-ECF31BBBD3A2}.Release|x86.Build.0 = Release|Any CPU
		{468CFFFB-3AF1-4CE0-A5BD-86FC38621D75}.Debug|Any CPU.ActiveCfg = Debug|Any CPU
		{468CFFFB-3AF1-4CE0-A5BD-86FC38621D75}.Debug|Any CPU.Build.0 = Debug|Any CPU
		{468CFFFB-3AF1-4CE0-A5BD-86FC38621D75}.Debug|ARM.ActiveCfg = Debug|Any CPU
		{468CFFFB-3AF1-4CE0-A5BD-86FC38621D75}.Debug|ARM.Build.0 = Debug|Any CPU
		{468CFFFB-3AF1-4CE0-A5BD-86FC38621D75}.Debug|x64.ActiveCfg = Debug|Any CPU
		{468CFFFB-3AF1-4CE0-A5BD-86FC38621D75}.Debug|x64.Build.0 = Debug|Any CPU
		{468CFFFB-3AF1-4CE0-A5BD-86FC38621D75}.Debug|x86.ActiveCfg = Debug|Any CPU
		{468CFFFB-3AF1-4CE0-A5BD-86FC38621D75}.Debug|x86.Build.0 = Debug|Any CPU
		{468CFFFB-3AF1-4CE0-A5BD-86FC38621D75}.Release|Any CPU.ActiveCfg = Release|Any CPU
		{468CFFFB-3AF1-4CE0-A5BD-86FC38621D75}.Release|Any CPU.Build.0 = Release|Any CPU
		{468CFFFB-3AF1-4CE0-A5BD-86FC38621D75}.Release|ARM.ActiveCfg = Release|Any CPU
		{468CFFFB-3AF1-4CE0-A5BD-86FC38621D75}.Release|ARM.Build.0 = Release|Any CPU
		{468CFFFB-3AF1-4CE0-A5BD-86FC38621D75}.Release|x64.ActiveCfg = Release|Any CPU
		{468CFFFB-3AF1-4CE0-A5BD-86FC38621D75}.Release|x64.Build.0 = Release|Any CPU
		{468CFFFB-3AF1-4CE0-A5BD-86FC38621D75}.Release|x86.ActiveCfg = Release|Any CPU
		{468CFFFB-3AF1-4CE0-A5BD-86FC38621D75}.Release|x86.Build.0 = Release|Any CPU
	EndGlobalSection
	GlobalSection(SolutionProperties) = preSolution
		HideSolutionNode = FALSE
	EndGlobalSection
EndGlobal
