
Microsoft Visual Studio Solution File, Format Version 12.00
# Visual Studio 15
VisualStudioVersion = 15.0.28307.168
MinimumVisualStudioVersion = 10.0.40219.1
Project("{FAE04EC0-301F-11D3-BF4B-00C04F79EFBC}") = "BillsPaymentSystem.Models", "BillsPaymentSystem.Models\BillsPaymentSystem.Models.csproj", "{8E552876-4444-4137-B17F-E5C87A00CB25}"
EndProject
Project("{FAE04EC0-301F-11D3-BF4B-00C04F79EFBC}") = "BillsPaymentSystem.App", "BillsPaymentSystem.App\BillsPaymentSystem.App.csproj", "{97C7E532-6114-405E-86A3-1195713FB21C}"
EndProject
Project("{FAE04EC0-301F-11D3-BF4B-00C04F79EFBC}") = "BillsPaymentSystem.Data", "BillsPaymentSystem.Data\BillsPaymentSystem.Data.csproj", "{D0448C55-484C-4422-A9AA-82E15B576496}"
EndProject
Global
	GlobalSection(SolutionConfigurationPlatforms) = preSolution
		Debug|Any CPU = Debug|Any CPU
		Release|Any CPU = Release|Any CPU
	EndGlobalSection
	GlobalSection(ProjectConfigurationPlatforms) = postSolution
		{8E552876-4444-4137-B17F-E5C87A00CB25}.Debug|Any CPU.ActiveCfg = Debug|Any CPU
		{8E552876-4444-4137-B17F-E5C87A00CB25}.Debug|Any CPU.Build.0 = Debug|Any CPU
		{8E552876-4444-4137-B17F-E5C87A00CB25}.Release|Any CPU.ActiveCfg = Release|Any CPU
		{8E552876-4444-4137-B17F-E5C87A00CB25}.Release|Any CPU.Build.0 = Release|Any CPU
		{97C7E532-6114-405E-86A3-1195713FB21C}.Debug|Any CPU.ActiveCfg = Debug|Any CPU
		{97C7E532-6114-405E-86A3-1195713FB21C}.Debug|Any CPU.Build.0 = Debug|Any CPU
		{97C7E532-6114-405E-86A3-1195713FB21C}.Release|Any CPU.ActiveCfg = Release|Any CPU
		{97C7E532-6114-405E-86A3-1195713FB21C}.Release|Any CPU.Build.0 = Release|Any CPU
		{D0448C55-484C-4422-A9AA-82E15B576496}.Debug|Any CPU.ActiveCfg = Debug|Any CPU
		{D0448C55-484C-4422-A9AA-82E15B576496}.Debug|Any CPU.Build.0 = Debug|Any CPU
		{D0448C55-484C-4422-A9AA-82E15B576496}.Release|Any CPU.ActiveCfg = Release|Any CPU
		{D0448C55-484C-4422-A9AA-82E15B576496}.Release|Any CPU.Build.0 = Release|Any CPU
	EndGlobalSection
	GlobalSection(SolutionProperties) = preSolution
		HideSolutionNode = FALSE
	EndGlobalSection
	GlobalSection(ExtensibilityGlobals) = postSolution
		SolutionGuid = {8D87FDCF-6F68-4E88-A372-837E46078ACF}
	EndGlobalSection
EndGlobal
