
Microsoft Visual Studio Solution File, Format Version 12.00
# Visual Studio 15
VisualStudioVersion = 15.0.28307.168
MinimumVisualStudioVersion = 10.0.40219.1
Project("{9A19103F-16F7-4668-BE54-9A1E7A4F7556}") = "Animals", "Animals\Animals.csproj", "{49A7F51B-9315-4EFC-8231-5EAACD26F555}"
EndProject
Project("{9A19103F-16F7-4668-BE54-9A1E7A4F7556}") = "OnlineRadioDatabase", "OnlineRadioDatabase\OnlineRadioDatabase.csproj", "{73508263-AC5A-4860-9F36-50C86D887AFD}"
EndProject
Project("{9A19103F-16F7-4668-BE54-9A1E7A4F7556}") = "ModorsCruelPlan", "ModorsCruelPlan\ModorsCruelPlan.csproj", "{5901C6D3-6552-4877-B475-D939664E407C}"
EndProject
Project("{9A19103F-16F7-4668-BE54-9A1E7A4F7556}") = "Mankind", "Mankind\Mankind.csproj", "{BA60AF5F-146B-489A-893A-E240AD7F977F}"
EndProject
Project("{FAE04EC0-301F-11D3-BF4B-00C04F79EFBC}") = "Person", "Person\Person.csproj", "{35D76E18-F7F9-4CEB-9BCE-7CBB5D2F7BB5}"
EndProject
Project("{FAE04EC0-301F-11D3-BF4B-00C04F79EFBC}") = "BookShop", "BookShop\BookShop.csproj", "{D7694A02-3D9A-46A9-9B66-496F55007C52}"
EndProject
Global
	GlobalSection(SolutionConfigurationPlatforms) = preSolution
		Debug|Any CPU = Debug|Any CPU
		Release|Any CPU = Release|Any CPU
	EndGlobalSection
	GlobalSection(ProjectConfigurationPlatforms) = postSolution
		{49A7F51B-9315-4EFC-8231-5EAACD26F555}.Debug|Any CPU.ActiveCfg = Debug|Any CPU
		{49A7F51B-9315-4EFC-8231-5EAACD26F555}.Debug|Any CPU.Build.0 = Debug|Any CPU
		{49A7F51B-9315-4EFC-8231-5EAACD26F555}.Release|Any CPU.ActiveCfg = Release|Any CPU
		{49A7F51B-9315-4EFC-8231-5EAACD26F555}.Release|Any CPU.Build.0 = Release|Any CPU
		{73508263-AC5A-4860-9F36-50C86D887AFD}.Debug|Any CPU.ActiveCfg = Debug|Any CPU
		{73508263-AC5A-4860-9F36-50C86D887AFD}.Debug|Any CPU.Build.0 = Debug|Any CPU
		{73508263-AC5A-4860-9F36-50C86D887AFD}.Release|Any CPU.ActiveCfg = Release|Any CPU
		{73508263-AC5A-4860-9F36-50C86D887AFD}.Release|Any CPU.Build.0 = Release|Any CPU
		{5901C6D3-6552-4877-B475-D939664E407C}.Debug|Any CPU.ActiveCfg = Debug|Any CPU
		{5901C6D3-6552-4877-B475-D939664E407C}.Debug|Any CPU.Build.0 = Debug|Any CPU
		{5901C6D3-6552-4877-B475-D939664E407C}.Release|Any CPU.ActiveCfg = Release|Any CPU
		{5901C6D3-6552-4877-B475-D939664E407C}.Release|Any CPU.Build.0 = Release|Any CPU
		{BA60AF5F-146B-489A-893A-E240AD7F977F}.Debug|Any CPU.ActiveCfg = Debug|Any CPU
		{BA60AF5F-146B-489A-893A-E240AD7F977F}.Debug|Any CPU.Build.0 = Debug|Any CPU
		{BA60AF5F-146B-489A-893A-E240AD7F977F}.Release|Any CPU.ActiveCfg = Release|Any CPU
		{BA60AF5F-146B-489A-893A-E240AD7F977F}.Release|Any CPU.Build.0 = Release|Any CPU
		{35D76E18-F7F9-4CEB-9BCE-7CBB5D2F7BB5}.Debug|Any CPU.ActiveCfg = Debug|Any CPU
		{35D76E18-F7F9-4CEB-9BCE-7CBB5D2F7BB5}.Debug|Any CPU.Build.0 = Debug|Any CPU
		{35D76E18-F7F9-4CEB-9BCE-7CBB5D2F7BB5}.Release|Any CPU.ActiveCfg = Release|Any CPU
		{35D76E18-F7F9-4CEB-9BCE-7CBB5D2F7BB5}.Release|Any CPU.Build.0 = Release|Any CPU
		{D7694A02-3D9A-46A9-9B66-496F55007C52}.Debug|Any CPU.ActiveCfg = Debug|Any CPU
		{D7694A02-3D9A-46A9-9B66-496F55007C52}.Debug|Any CPU.Build.0 = Debug|Any CPU
		{D7694A02-3D9A-46A9-9B66-496F55007C52}.Release|Any CPU.ActiveCfg = Release|Any CPU
		{D7694A02-3D9A-46A9-9B66-496F55007C52}.Release|Any CPU.Build.0 = Release|Any CPU
	EndGlobalSection
	GlobalSection(SolutionProperties) = preSolution
		HideSolutionNode = FALSE
	EndGlobalSection
	GlobalSection(ExtensibilityGlobals) = postSolution
		SolutionGuid = {FC27374D-C5EF-499B-910C-C5E1F5DCF1FF}
	EndGlobalSection
EndGlobal
